
Microsoft Visual Studio Solution File, Format Version 12.00
# Visual Studio 15
VisualStudioVersion = 15.0.34112.143
MinimumVisualStudioVersion = 10.0.40219.1
Project("{8BC9CEB8-8B4A-11D0-8D11-00A0C91BC942}") = "5.28", "5.28\5.28.vcxproj", "{C0EA00FE-5D1E-4E29-9F9A-3DC342C48A41}"
EndProject
Global
	GlobalSection(SolutionConfigurationPlatforms) = preSolution
		Debug|x64 = Debug|x64
		Debug|x86 = Debug|x86
		Release|x64 = Release|x64
		Release|x86 = Release|x86
	EndGlobalSection
	GlobalSection(ProjectConfigurationPlatforms) = postSolution
		{C0EA00FE-5D1E-4E29-9F9A-3DC342C48A41}.Debug|x64.ActiveCfg = Debug|x64
		{C0EA00FE-5D1E-4E29-9F9A-3DC342C48A41}.Debug|x64.Build.0 = Debug|x64
		{C0EA00FE-5D1E-4E29-9F9A-3DC342C48A41}.Debug|x86.ActiveCfg = Debug|Win32
		{C0EA00FE-5D1E-4E29-9F9A-3DC342C48A41}.Debug|x86.Build.0 = Debug|Win32
		{C0EA00FE-5D1E-4E29-9F9A-3DC342C48A41}.Release|x64.ActiveCfg = Release|x64
		{C0EA00FE-5D1E-4E29-9F9A-3DC342C48A41}.Release|x64.Build.0 = Release|x64
		{C0EA00FE-5D1E-4E29-9F9A-3DC342C48A41}.Release|x86.ActiveCfg = Release|Win32
		{C0EA00FE-5D1E-4E29-9F9A-3DC342C48A41}.Release|x86.Build.0 = Release|Win32
	EndGlobalSection
	GlobalSection(SolutionProperties) = preSolution
		HideSolutionNode = FALSE
	EndGlobalSection
	GlobalSection(ExtensibilityGlobals) = postSolution
		SolutionGuid = {A2CBE4AE-1385-4DCE-AF1B-5DC645CEF1CC}
	EndGlobalSection
EndGlobal
